
Microsoft Visual Studio Solution File, Format Version 12.00
# Visual Studio Version 16
VisualStudioVersion = 16.0.30804.86
MinimumVisualStudioVersion = 10.0.40219.1
Project("{FAE04EC0-301F-11D3-BF4B-00C04F79EFBC}") = "CarRadioCompanion", "CarRadioCompanion\CarRadioCompanion.csproj", "{0815349C-EE01-46BC-9774-9C159E2B9FA6}"
EndProject
Global
	GlobalSection(SolutionConfigurationPlatforms) = preSolution
		Debug|Any CPU = Debug|Any CPU
		Release|Any CPU = Release|Any CPU
	EndGlobalSection
	GlobalSection(ProjectConfigurationPlatforms) = postSolution
		{0815349C-EE01-46BC-9774-9C159E2B9FA6}.Debug|Any CPU.ActiveCfg = Debug|Any CPU
		{0815349C-EE01-46BC-9774-9C159E2B9FA6}.Debug|Any CPU.Build.0 = Debug|Any CPU
		{0815349C-EE01-46BC-9774-9C159E2B9FA6}.Release|Any CPU.ActiveCfg = Release|Any CPU
		{0815349C-EE01-46BC-9774-9C159E2B9FA6}.Release|Any CPU.Build.0 = Release|Any CPU
	EndGlobalSection
	GlobalSection(SolutionProperties) = preSolution
		HideSolutionNode = FALSE
	EndGlobalSection
	GlobalSection(ExtensibilityGlobals) = postSolution
		SolutionGuid = {FB165E01-CA05-4B13-A293-F24A6DFDB801}
	EndGlobalSection
EndGlobal
